
Microsoft Visual Studio Solution File, Format Version 12.00
# Visual Studio 14
VisualStudioVersion = 14.0.23107.0
MinimumVisualStudioVersion = 10.0.40219.1
Project("{FAE04EC0-301F-11D3-BF4B-00C04F79EFBC}") = "Stabber", "Stabber\Stabber.csproj", "{9F0CA0E4-EBDF-4527-A38B-4EE04560F3D5}"
EndProject
Project("{FAE04EC0-301F-11D3-BF4B-00C04F79EFBC}") = "StabberClient", "StabberClient\StabberClient.csproj", "{E7A4CF6F-782C-4548-9641-6D3E940FAEBA}"
EndProject
Global
	GlobalSection(SolutionConfigurationPlatforms) = preSolution
		Debug|Any CPU = Debug|Any CPU
		Release|Any CPU = Release|Any CPU
	EndGlobalSection
	GlobalSection(ProjectConfigurationPlatforms) = postSolution
		{9F0CA0E4-EBDF-4527-A38B-4EE04560F3D5}.Debug|Any CPU.ActiveCfg = Debug|Any CPU
		{9F0CA0E4-EBDF-4527-A38B-4EE04560F3D5}.Debug|Any CPU.Build.0 = Debug|Any CPU
		{9F0CA0E4-EBDF-4527-A38B-4EE04560F3D5}.Release|Any CPU.ActiveCfg = Release|Any CPU
		{9F0CA0E4-EBDF-4527-A38B-4EE04560F3D5}.Release|Any CPU.Build.0 = Release|Any CPU
		{E7A4CF6F-782C-4548-9641-6D3E940FAEBA}.Debug|Any CPU.ActiveCfg = Debug|Any CPU
		{E7A4CF6F-782C-4548-9641-6D3E940FAEBA}.Debug|Any CPU.Build.0 = Debug|Any CPU
		{E7A4CF6F-782C-4548-9641-6D3E940FAEBA}.Release|Any CPU.ActiveCfg = Release|Any CPU
		{E7A4CF6F-782C-4548-9641-6D3E940FAEBA}.Release|Any CPU.Build.0 = Release|Any CPU
	EndGlobalSection
	GlobalSection(SolutionProperties) = preSolution
		HideSolutionNode = FALSE
	EndGlobalSection
EndGlobal
